NeoBundleLock neobundle.vim 6bf4fa1cf3cebfed76f5e300949faef0b78fbfbc
NeoBundleLock nerdtree 35c859179da4ad4f96eb8255e428904436a0b4b4
NeoBundleLock unite-colorscheme 3aa33866a183f7659594a3f6b66b2334eaebc6a0
NeoBundleLock unite.vim 7ae5ee37578349c32d542d3d43f053455b72daf4
NeoBundleLock vim-colors-solarized 528a59f26d12278698bb946f8fb82a63711eec21
